
Microsoft Visual Studio Solution File, Format Version 12.00
# Visual Studio Version 16
VisualStudioVersion = 16.0.31005.135
MinimumVisualStudioVersion = 10.0.40219.1
Project("{FAE04EC0-301F-11D3-BF4B-00C04F79EFBC}") = "Exemplo_Enum", "Exemplo_Enum\Exemplo_Enum.csproj", "{31DD2598-934F-40DF-BB91-1A5FEBCDFBED}"
EndProject
Global
	GlobalSection(SolutionConfigurationPlatforms) = preSolution
		Debug|Any CPU = Debug|Any CPU
		Release|Any CPU = Release|Any CPU
	EndGlobalSection
	GlobalSection(ProjectConfigurationPlatforms) = postSolution
		{31DD2598-934F-40DF-BB91-1A5FEBCDFBED}.Debug|Any CPU.ActiveCfg = Debug|Any CPU
		{31DD2598-934F-40DF-BB91-1A5FEBCDFBED}.Debug|Any CPU.Build.0 = Debug|Any CPU
		{31DD2598-934F-40DF-BB91-1A5FEBCDFBED}.Release|Any CPU.ActiveCfg = Release|Any CPU
		{31DD2598-934F-40DF-BB91-1A5FEBCDFBED}.Release|Any CPU.Build.0 = Release|Any CPU
	EndGlobalSection
	GlobalSection(SolutionProperties) = preSolution
		HideSolutionNode = FALSE
	EndGlobalSection
	GlobalSection(ExtensibilityGlobals) = postSolution
		SolutionGuid = {2B0E94C9-2D87-4DBC-B1CA-08A1795F6332}
	EndGlobalSection
EndGlobal
