
Microsoft Visual Studio Solution File, Format Version 12.00
# Visual Studio Version 16
VisualStudioVersion = 16.0.31410.357
MinimumVisualStudioVersion = 10.0.40219.1
Project("{FAE04EC0-301F-11D3-BF4B-00C04F79EFBC}") = "Questao2", "Questao2\Questao2.csproj", "{983D3306-AFF3-45A0-BD2F-F6B78A1994D4}"
EndProject
Global
	GlobalSection(SolutionConfigurationPlatforms) = preSolution
		Debug|Any CPU = Debug|Any CPU
		Release|Any CPU = Release|Any CPU
	EndGlobalSection
	GlobalSection(ProjectConfigurationPlatforms) = postSolution
		{983D3306-AFF3-45A0-BD2F-F6B78A1994D4}.Debug|Any CPU.ActiveCfg = Debug|Any CPU
		{983D3306-AFF3-45A0-BD2F-F6B78A1994D4}.Debug|Any CPU.Build.0 = Debug|Any CPU
		{983D3306-AFF3-45A0-BD2F-F6B78A1994D4}.Release|Any CPU.ActiveCfg = Release|Any CPU
		{983D3306-AFF3-45A0-BD2F-F6B78A1994D4}.Release|Any CPU.Build.0 = Release|Any CPU
	EndGlobalSection
	GlobalSection(SolutionProperties) = preSolution
		HideSolutionNode = FALSE
	EndGlobalSection
	GlobalSection(ExtensibilityGlobals) = postSolution
		SolutionGuid = {D55C4C23-ACA5-436C-B98D-91D62751A82B}
	EndGlobalSection
EndGlobal
