
Microsoft Visual Studio Solution File, Format Version 12.00
# Visual Studio Version 16
VisualStudioVersion = 16.0.31005.135
MinimumVisualStudioVersion = 10.0.40219.1
Project("{FAE04EC0-301F-11D3-BF4B-00C04F79EFBC}") = "Resolucao_Desafio_Josefo", "Resolucao_Desafio_Josefo\Resolucao_Desafio_Josefo.csproj", "{6DF5A6CA-AA6F-4426-9605-33ACA0EF6204}"
EndProject
Global
	GlobalSection(SolutionConfigurationPlatforms) = preSolution
		Debug|Any CPU = Debug|Any CPU
		Release|Any CPU = Release|Any CPU
	EndGlobalSection
	GlobalSection(ProjectConfigurationPlatforms) = postSolution
		{6DF5A6CA-AA6F-4426-9605-33ACA0EF6204}.Debug|Any CPU.ActiveCfg = Debug|Any CPU
		{6DF5A6CA-AA6F-4426-9605-33ACA0EF6204}.Debug|Any CPU.Build.0 = Debug|Any CPU
		{6DF5A6CA-AA6F-4426-9605-33ACA0EF6204}.Release|Any CPU.ActiveCfg = Release|Any CPU
		{6DF5A6CA-AA6F-4426-9605-33ACA0EF6204}.Release|Any CPU.Build.0 = Release|Any CPU
	EndGlobalSection
	GlobalSection(SolutionProperties) = preSolution
		HideSolutionNode = FALSE
	EndGlobalSection
	GlobalSection(ExtensibilityGlobals) = postSolution
		SolutionGuid = {849006BC-9BDA-4D7F-A4BB-AB247B2A753A}
	EndGlobalSection
EndGlobal
