
Microsoft Visual Studio Solution File, Format Version 12.00
# Visual Studio Version 16
VisualStudioVersion = 16.0.31410.357
MinimumVisualStudioVersion = 10.0.40219.1
Project("{FAE04EC0-301F-11D3-BF4B-00C04F79EFBC}") = "Questao2", "Questao2\Questao2.csproj", "{975C6CD3-06B9-4028-9FAC-F747D1B78E75}"
EndProject
Global
	GlobalSection(SolutionConfigurationPlatforms) = preSolution
		Debug|Any CPU = Debug|Any CPU
		Release|Any CPU = Release|Any CPU
	EndGlobalSection
	GlobalSection(ProjectConfigurationPlatforms) = postSolution
		{975C6CD3-06B9-4028-9FAC-F747D1B78E75}.Debug|Any CPU.ActiveCfg = Debug|Any CPU
		{975C6CD3-06B9-4028-9FAC-F747D1B78E75}.Debug|Any CPU.Build.0 = Debug|Any CPU
		{975C6CD3-06B9-4028-9FAC-F747D1B78E75}.Release|Any CPU.ActiveCfg = Release|Any CPU
		{975C6CD3-06B9-4028-9FAC-F747D1B78E75}.Release|Any CPU.Build.0 = Release|Any CPU
	EndGlobalSection
	GlobalSection(SolutionProperties) = preSolution
		HideSolutionNode = FALSE
	EndGlobalSection
	GlobalSection(ExtensibilityGlobals) = postSolution
		SolutionGuid = {4ED73268-74BB-401C-A23C-9C5A6AEF7EB5}
	EndGlobalSection
EndGlobal
