
Microsoft Visual Studio Solution File, Format Version 12.00
# Visual Studio Version 16
VisualStudioVersion = 16.0.31410.357
MinimumVisualStudioVersion = 10.0.40219.1
Project("{FAE04EC0-301F-11D3-BF4B-00C04F79EFBC}") = "Questao3", "Questao3\Questao3.csproj", "{AACFBFFD-FEC8-471F-AF95-56DF0D3BEAB8}"
EndProject
Global
	GlobalSection(SolutionConfigurationPlatforms) = preSolution
		Debug|Any CPU = Debug|Any CPU
		Release|Any CPU = Release|Any CPU
	EndGlobalSection
	GlobalSection(ProjectConfigurationPlatforms) = postSolution
		{AACFBFFD-FEC8-471F-AF95-56DF0D3BEAB8}.Debug|Any CPU.ActiveCfg = Debug|Any CPU
		{AACFBFFD-FEC8-471F-AF95-56DF0D3BEAB8}.Debug|Any CPU.Build.0 = Debug|Any CPU
		{AACFBFFD-FEC8-471F-AF95-56DF0D3BEAB8}.Release|Any CPU.ActiveCfg = Release|Any CPU
		{AACFBFFD-FEC8-471F-AF95-56DF0D3BEAB8}.Release|Any CPU.Build.0 = Release|Any CPU
	EndGlobalSection
	GlobalSection(SolutionProperties) = preSolution
		HideSolutionNode = FALSE
	EndGlobalSection
	GlobalSection(ExtensibilityGlobals) = postSolution
		SolutionGuid = {78A31776-4215-4A22-A1CD-13DD92258DDA}
	EndGlobalSection
EndGlobal
