
Microsoft Visual Studio Solution File, Format Version 12.00
# Visual Studio Version 16
VisualStudioVersion = 16.0.31005.135
MinimumVisualStudioVersion = 10.0.40219.1
Project("{FAE04EC0-301F-11D3-BF4B-00C04F79EFBC}") = "ExemploHeranca", "ExemploHeranca\ExemploHeranca.csproj", "{6D2FC2CF-FFC1-449E-8C6D-178D6854B276}"
EndProject
Global
	GlobalSection(SolutionConfigurationPlatforms) = preSolution
		Debug|Any CPU = Debug|Any CPU
		Release|Any CPU = Release|Any CPU
	EndGlobalSection
	GlobalSection(ProjectConfigurationPlatforms) = postSolution
		{6D2FC2CF-FFC1-449E-8C6D-178D6854B276}.Debug|Any CPU.ActiveCfg = Debug|Any CPU
		{6D2FC2CF-FFC1-449E-8C6D-178D6854B276}.Debug|Any CPU.Build.0 = Debug|Any CPU
		{6D2FC2CF-FFC1-449E-8C6D-178D6854B276}.Release|Any CPU.ActiveCfg = Release|Any CPU
		{6D2FC2CF-FFC1-449E-8C6D-178D6854B276}.Release|Any CPU.Build.0 = Release|Any CPU
	EndGlobalSection
	GlobalSection(SolutionProperties) = preSolution
		HideSolutionNode = FALSE
	EndGlobalSection
	GlobalSection(ExtensibilityGlobals) = postSolution
		SolutionGuid = {26808254-C4E7-434C-AAAA-36BBBB201528}
	EndGlobalSection
EndGlobal
