
Microsoft Visual Studio Solution File, Format Version 12.00
# Visual Studio Version 16
VisualStudioVersion = 16.0.31005.135
MinimumVisualStudioVersion = 10.0.40219.1
Project("{FAE04EC0-301F-11D3-BF4B-00C04F79EFBC}") = "ImplementacaoArvore", "ImplementacaoArvore\ImplementacaoArvore.csproj", "{007B33FC-75AC-426D-BE7B-FB6804F4ECEB}"
EndProject
Global
	GlobalSection(SolutionConfigurationPlatforms) = preSolution
		Debug|Any CPU = Debug|Any CPU
		Release|Any CPU = Release|Any CPU
	EndGlobalSection
	GlobalSection(ProjectConfigurationPlatforms) = postSolution
		{007B33FC-75AC-426D-BE7B-FB6804F4ECEB}.Debug|Any CPU.ActiveCfg = Debug|Any CPU
		{007B33FC-75AC-426D-BE7B-FB6804F4ECEB}.Debug|Any CPU.Build.0 = Debug|Any CPU
		{007B33FC-75AC-426D-BE7B-FB6804F4ECEB}.Release|Any CPU.ActiveCfg = Release|Any CPU
		{007B33FC-75AC-426D-BE7B-FB6804F4ECEB}.Release|Any CPU.Build.0 = Release|Any CPU
	EndGlobalSection
	GlobalSection(SolutionProperties) = preSolution
		HideSolutionNode = FALSE
	EndGlobalSection
	GlobalSection(ExtensibilityGlobals) = postSolution
		SolutionGuid = {F28D1193-8A7B-437F-87CD-02970E10DC71}
	EndGlobalSection
EndGlobal
