
Microsoft Visual Studio Solution File, Format Version 12.00
# Visual Studio Version 16
VisualStudioVersion = 16.0.31005.135
MinimumVisualStudioVersion = 10.0.40219.1
Project("{FAE04EC0-301F-11D3-BF4B-00C04F79EFBC}") = "ExemploEncapsulamento", "ExemploEncapsulamento\ExemploEncapsulamento.csproj", "{7EC75404-CE31-44A8-9044-6FD60BD0AC23}"
EndProject
Global
	GlobalSection(SolutionConfigurationPlatforms) = preSolution
		Debug|Any CPU = Debug|Any CPU
		Release|Any CPU = Release|Any CPU
	EndGlobalSection
	GlobalSection(ProjectConfigurationPlatforms) = postSolution
		{7EC75404-CE31-44A8-9044-6FD60BD0AC23}.Debug|Any CPU.ActiveCfg = Debug|Any CPU
		{7EC75404-CE31-44A8-9044-6FD60BD0AC23}.Debug|Any CPU.Build.0 = Debug|Any CPU
		{7EC75404-CE31-44A8-9044-6FD60BD0AC23}.Release|Any CPU.ActiveCfg = Release|Any CPU
		{7EC75404-CE31-44A8-9044-6FD60BD0AC23}.Release|Any CPU.Build.0 = Release|Any CPU
	EndGlobalSection
	GlobalSection(SolutionProperties) = preSolution
		HideSolutionNode = FALSE
	EndGlobalSection
	GlobalSection(ExtensibilityGlobals) = postSolution
		SolutionGuid = {F224DEAA-BB87-42AE-8372-AFE571991DC9}
	EndGlobalSection
EndGlobal
