
Microsoft Visual Studio Solution File, Format Version 12.00
# Visual Studio Version 16
VisualStudioVersion = 16.0.31410.357
MinimumVisualStudioVersion = 10.0.40219.1
Project("{FAE04EC0-301F-11D3-BF4B-00C04F79EFBC}") = "Questao4", "Questao4\Questao4.csproj", "{C0FF5F59-401E-473B-A545-88D218F4281E}"
EndProject
Global
	GlobalSection(SolutionConfigurationPlatforms) = preSolution
		Debug|Any CPU = Debug|Any CPU
		Release|Any CPU = Release|Any CPU
	EndGlobalSection
	GlobalSection(ProjectConfigurationPlatforms) = postSolution
		{C0FF5F59-401E-473B-A545-88D218F4281E}.Debug|Any CPU.ActiveCfg = Debug|Any CPU
		{C0FF5F59-401E-473B-A545-88D218F4281E}.Debug|Any CPU.Build.0 = Debug|Any CPU
		{C0FF5F59-401E-473B-A545-88D218F4281E}.Release|Any CPU.ActiveCfg = Release|Any CPU
		{C0FF5F59-401E-473B-A545-88D218F4281E}.Release|Any CPU.Build.0 = Release|Any CPU
	EndGlobalSection
	GlobalSection(SolutionProperties) = preSolution
		HideSolutionNode = FALSE
	EndGlobalSection
	GlobalSection(ExtensibilityGlobals) = postSolution
		SolutionGuid = {5C79C81A-A687-4A37-A3F8-51A895B64A0F}
	EndGlobalSection
EndGlobal
