
Microsoft Visual Studio Solution File, Format Version 12.00
# Visual Studio Version 16
VisualStudioVersion = 16.0.31005.135
MinimumVisualStudioVersion = 10.0.40219.1
Project("{FAE04EC0-301F-11D3-BF4B-00C04F79EFBC}") = "Exemplo03_Aula01", "Exemplo03_Aula01\Exemplo03_Aula01.csproj", "{BBEC2912-141C-47E5-9905-AEEC80927528}"
EndProject
Global
	GlobalSection(SolutionConfigurationPlatforms) = preSolution
		Debug|Any CPU = Debug|Any CPU
		Release|Any CPU = Release|Any CPU
	EndGlobalSection
	GlobalSection(ProjectConfigurationPlatforms) = postSolution
		{BBEC2912-141C-47E5-9905-AEEC80927528}.Debug|Any CPU.ActiveCfg = Debug|Any CPU
		{BBEC2912-141C-47E5-9905-AEEC80927528}.Debug|Any CPU.Build.0 = Debug|Any CPU
		{BBEC2912-141C-47E5-9905-AEEC80927528}.Release|Any CPU.ActiveCfg = Release|Any CPU
		{BBEC2912-141C-47E5-9905-AEEC80927528}.Release|Any CPU.Build.0 = Release|Any CPU
	EndGlobalSection
	GlobalSection(SolutionProperties) = preSolution
		HideSolutionNode = FALSE
	EndGlobalSection
	GlobalSection(ExtensibilityGlobals) = postSolution
		SolutionGuid = {2C7E2273-00B8-434A-8565-5B4FF08943D5}
	EndGlobalSection
EndGlobal
