
Microsoft Visual Studio Solution File, Format Version 12.00
# Visual Studio Version 16
VisualStudioVersion = 16.0.31005.135
MinimumVisualStudioVersion = 10.0.40219.1
Project("{FAE04EC0-301F-11D3-BF4B-00C04F79EFBC}") = "ContaCorrente_Lab02", "ContaCorrente_Lab02\ContaCorrente_Lab02.csproj", "{6E017A73-CFE2-4104-A805-F2F192AE741C}"
EndProject
Global
	GlobalSection(SolutionConfigurationPlatforms) = preSolution
		Debug|Any CPU = Debug|Any CPU
		Release|Any CPU = Release|Any CPU
	EndGlobalSection
	GlobalSection(ProjectConfigurationPlatforms) = postSolution
		{6E017A73-CFE2-4104-A805-F2F192AE741C}.Debug|Any CPU.ActiveCfg = Debug|Any CPU
		{6E017A73-CFE2-4104-A805-F2F192AE741C}.Debug|Any CPU.Build.0 = Debug|Any CPU
		{6E017A73-CFE2-4104-A805-F2F192AE741C}.Release|Any CPU.ActiveCfg = Release|Any CPU
		{6E017A73-CFE2-4104-A805-F2F192AE741C}.Release|Any CPU.Build.0 = Release|Any CPU
	EndGlobalSection
	GlobalSection(SolutionProperties) = preSolution
		HideSolutionNode = FALSE
	EndGlobalSection
	GlobalSection(ExtensibilityGlobals) = postSolution
		SolutionGuid = {19D7F000-FA25-40CC-8F64-8A5A73B14984}
	EndGlobalSection
EndGlobal
